
Microsoft Visual Studio Solution File, Format Version 12.00
# Visual Studio 15
VisualStudioVersion = 15.0.28307.421
MinimumVisualStudioVersion = 10.0.40219.1
Project("{FAE04EC0-301F-11D3-BF4B-00C04F79EFBC}") = "BE", "BE\BE.csproj", "{A86D6077-DCBB-4343-8D65-06F74864AC03}"
EndProject
Project("{FAE04EC0-301F-11D3-BF4B-00C04F79EFBC}") = "DAL", "DAL\DAL.csproj", "{E2BFD886-2289-4275-9EA8-582E4F3A8956}"
EndProject
Project("{FAE04EC0-301F-11D3-BF4B-00C04F79EFBC}") = "PL_Console", "PL_Console\PL_Console.csproj", "{F64DB142-2884-4575-BBBE-9E137E6FC14F}"
EndProject
Project("{FAE04EC0-301F-11D3-BF4B-00C04F79EFBC}") = "PL_WPF", "PL_WPF\PL_WPF.csproj", "{A95104A2-5316-4A05-AADA-8EEBD9F09552}"
EndProject
Project("{FAE04EC0-301F-11D3-BF4B-00C04F79EFBC}") = "BL", "BL\BL.csproj", "{961D3D14-DBCE-4010-AE31-08C5332676C8}"
EndProject
Global
	GlobalSection(SolutionConfigurationPlatforms) = preSolution
		Debug|Any CPU = Debug|Any CPU
		Release|Any CPU = Release|Any CPU
	EndGlobalSection
	GlobalSection(ProjectConfigurationPlatforms) = postSolution
		{A86D6077-DCBB-4343-8D65-06F74864AC03}.Debug|Any CPU.ActiveCfg = Debug|Any CPU
		{A86D6077-DCBB-4343-8D65-06F74864AC03}.Debug|Any CPU.Build.0 = Debug|Any CPU
		{A86D6077-DCBB-4343-8D65-06F74864AC03}.Release|Any CPU.ActiveCfg = Release|Any CPU
		{A86D6077-DCBB-4343-8D65-06F74864AC03}.Release|Any CPU.Build.0 = Release|Any CPU
		{E2BFD886-2289-4275-9EA8-582E4F3A8956}.Debug|Any CPU.ActiveCfg = Debug|Any CPU
		{E2BFD886-2289-4275-9EA8-582E4F3A8956}.Debug|Any CPU.Build.0 = Debug|Any CPU
		{E2BFD886-2289-4275-9EA8-582E4F3A8956}.Release|Any CPU.ActiveCfg = Release|Any CPU
		{E2BFD886-2289-4275-9EA8-582E4F3A8956}.Release|Any CPU.Build.0 = Release|Any CPU
		{F64DB142-2884-4575-BBBE-9E137E6FC14F}.Debug|Any CPU.ActiveCfg = Debug|Any CPU
		{F64DB142-2884-4575-BBBE-9E137E6FC14F}.Debug|Any CPU.Build.0 = Debug|Any CPU
		{F64DB142-2884-4575-BBBE-9E137E6FC14F}.Release|Any CPU.ActiveCfg = Release|Any CPU
		{F64DB142-2884-4575-BBBE-9E137E6FC14F}.Release|Any CPU.Build.0 = Release|Any CPU
		{A95104A2-5316-4A05-AADA-8EEBD9F09552}.Debug|Any CPU.ActiveCfg = Debug|Any CPU
		{A95104A2-5316-4A05-AADA-8EEBD9F09552}.Debug|Any CPU.Build.0 = Debug|Any CPU
		{A95104A2-5316-4A05-AADA-8EEBD9F09552}.Release|Any CPU.ActiveCfg = Release|Any CPU
		{A95104A2-5316-4A05-AADA-8EEBD9F09552}.Release|Any CPU.Build.0 = Release|Any CPU
		{961D3D14-DBCE-4010-AE31-08C5332676C8}.Debug|Any CPU.ActiveCfg = Debug|Any CPU
		{961D3D14-DBCE-4010-AE31-08C5332676C8}.Debug|Any CPU.Build.0 = Debug|Any CPU
		{961D3D14-DBCE-4010-AE31-08C5332676C8}.Release|Any CPU.ActiveCfg = Release|Any CPU
		{961D3D14-DBCE-4010-AE31-08C5332676C8}.Release|Any CPU.Build.0 = Release|Any CPU
	EndGlobalSection
	GlobalSection(SolutionProperties) = preSolution
		HideSolutionNode = FALSE
	EndGlobalSection
	GlobalSection(ExtensibilityGlobals) = postSolution
		SolutionGuid = {BBCB6319-3A44-4A89-9C68-267524AC7A48}
	EndGlobalSection
EndGlobal
